# THIS IS AN AUTOGENERATED FILE. DO NOT EDIT THIS FILE DIRECTLY.
# yarn lockfile v1


"@types/node@^10.3.6":
  version "10.12.30"
  resolved "https://registry.yarnpkg.com/@types/node/-/node-10.12.30.tgz#4c2b4f0015f214f8158a347350481322b3b29b2f"
  integrity sha512-nsqTN6zUcm9xtdJiM9OvOJ5EF0kOI8f1Zuug27O/rgtxCRJHGqncSWfCMZUP852dCKPsDsYXGvBhxfRjDBkF5Q==

rd@^2.0.1:
  version "2.0.1"
  resolved "https://registry.yarnpkg.com/rd/-/rd-2.0.1.tgz#e18a8af5b2f7440c0db1523ca04c6e0f9660003f"
  integrity sha512-/XdKU4UazUZTXFmI0dpABt8jSXPWcEyaGdk340KdHnsEOdkTctlX23aAK7ChQDn39YGNlAJr1M5uvaKt4QnpNw==
  dependencies:
    "@types/node" "^10.3.6"
